
Microsoft Visual Studio Solution File, Format Version 12.00
# Visual Studio Version 17
VisualStudioVersion = 17.3.32825.248
MinimumVisualStudioVersion = 10.0.40219.1
Project("{FAE04EC0-301F-11D3-BF4B-00C04F79EFBC}") = "d1", "d1.csproj", "{8DED953B-1F41-4B88-8632-E456D12FD9CB}"
EndProject
Global
	GlobalSection(SolutionConfigurationPlatforms) = preSolution
		Debug|Any CPU = Debug|Any CPU
		Release|Any CPU = Release|Any CPU
	EndGlobalSection
	GlobalSection(ProjectConfigurationPlatforms) = postSolution
		{8DED953B-1F41-4B88-8632-E456D12FD9CB}.Debug|Any CPU.ActiveCfg = Debug|Any CPU
		{8DED953B-1F41-4B88-8632-E456D12FD9CB}.Debug|Any CPU.Build.0 = Debug|Any CPU
		{8DED953B-1F41-4B88-8632-E456D12FD9CB}.Release|Any CPU.ActiveCfg = Release|Any CPU
		{8DED953B-1F41-4B88-8632-E456D12FD9CB}.Release|Any CPU.Build.0 = Release|Any CPU
	EndGlobalSection
	GlobalSection(SolutionProperties) = preSolution
		HideSolutionNode = FALSE
	EndGlobalSection
	GlobalSection(ExtensibilityGlobals) = postSolution
		SolutionGuid = {270CF564-0F34-4D9F-BC8E-BECFD457A954}
	EndGlobalSection
EndGlobal
